
Microsoft Visual Studio Solution File, Format Version 12.00
# Visual Studio Version 16
VisualStudioVersion = 16.0.28621.142
MinimumVisualStudioVersion = 10.0.40219.1
Project("{9A19103F-16F7-4668-BE54-9A1E7A4F7556}") = "DebugSimulation", "DebugSimulation.csproj", "{31497AE5-C774-422C-93BB-4F226D97ADF9}"
EndProject
Project("{9A19103F-16F7-4668-BE54-9A1E7A4F7556}") = "QsCompilerCommon", "..\..\src\QsCompiler\CompilerCommon\QsCompilerCommon.csproj", "{1C9257D6-A021-4515-9919-71F70133915B}"
EndProject
Project("{9A19103F-16F7-4668-BE54-9A1E7A4F7556}") = "Microsoft.Quantum.Intrinsic", "..\..\src\simulation\Intrinsic\Microsoft.Quantum.Intrinsic.csproj", "{F49004F6-40A1-4A2B-9293-20BAC1C53DFA}"
EndProject
Project("{9A19103F-16F7-4668-BE54-9A1E7A4F7556}") = "Microsoft.Quantum.Simulation.Core", "..\..\src\simulation\Core\Microsoft.Quantum.Simulation.Core.csproj", "{0AF7EAD2-4C52-4720-B55E-4CA69F8905BA}"
EndProject
Project("{9A19103F-16F7-4668-BE54-9A1E7A4F7556}") = "Microsoft.Quantum.Simulation.QCTraceSimulatorRuntime", "..\..\src\simulation\QCTraceSimulator\Microsoft.Quantum.Simulation.QCTraceSimulatorRuntime.csproj", "{DDBD499D-300D-4EFD-AF41-B598EF60B663}"
EndProject
Project("{9A19103F-16F7-4668-BE54-9A1E7A4F7556}") = "Microsoft.Quantum.Simulation.Common", "..\..\src\simulation\Common\Microsoft.Quantum.Simulation.Common.csproj", "{DDD773DD-DCF2-4E54-A709-FD50172052E4}"
EndProject
Project("{9A19103F-16F7-4668-BE54-9A1E7A4F7556}") = "Microsoft.Quantum.Simulators", "..\..\src\simulation\Simulators\Microsoft.Quantum.Simulators.csproj", "{0A695E33-4EF6-4DB6-96C1-0C2FC98005B9}"
EndProject
Project("{8BC9CEB8-8B4A-11D0-8D11-00A0C91BC942}") = "Microsoft.Quantum.Simulator.Runtime", "..\..\src\simulation\Runtime\build\src\Microsoft.Quantum.Simulator.Runtime.vcxproj", "{09CB506C-4A92-3F63-8159-3FC529B7F036}"
EndProject
Global
	GlobalSection(SolutionConfigurationPlatforms) = preSolution
		Debug|Any CPU = Debug|Any CPU
		Debug|x64 = Debug|x64
		MinSizeRel|Any CPU = MinSizeRel|Any CPU
		MinSizeRel|x64 = MinSizeRel|x64
		Release|Any CPU = Release|Any CPU
		Release|x64 = Release|x64
		RelWithDebInfo|Any CPU = RelWithDebInfo|Any CPU
		RelWithDebInfo|x64 = RelWithDebInfo|x64
	EndGlobalSection
	GlobalSection(ProjectConfigurationPlatforms) = postSolution
		{31497AE5-C774-422C-93BB-4F226D97ADF9}.Debug|Any CPU.ActiveCfg = Debug|Any CPU
		{31497AE5-C774-422C-93BB-4F226D97ADF9}.Debug|Any CPU.Build.0 = Debug|Any CPU
		{31497AE5-C774-422C-93BB-4F226D97ADF9}.Debug|x64.ActiveCfg = Debug|Any CPU
		{31497AE5-C774-422C-93BB-4F226D97ADF9}.Debug|x64.Build.0 = Debug|Any CPU
		{31497AE5-C774-422C-93BB-4F226D97ADF9}.MinSizeRel|Any CPU.ActiveCfg = Release|Any CPU
		{31497AE5-C774-422C-93BB-4F226D97ADF9}.MinSizeRel|Any CPU.Build.0 = Release|Any CPU
		{31497AE5-C774-422C-93BB-4F226D97ADF9}.MinSizeRel|x64.ActiveCfg = Release|Any CPU
		{31497AE5-C774-422C-93BB-4F226D97ADF9}.MinSizeRel|x64.Build.0 = Release|Any CPU
		{31497AE5-C774-422C-93BB-4F226D97ADF9}.Release|Any CPU.ActiveCfg = Release|Any CPU
		{31497AE5-C774-422C-93BB-4F226D97ADF9}.Release|Any CPU.Build.0 = Release|Any CPU
		{31497AE5-C774-422C-93BB-4F226D97ADF9}.Release|x64.ActiveCfg = Release|Any CPU
		{31497AE5-C774-422C-93BB-4F226D97ADF9}.Release|x64.Build.0 = Release|Any CPU
		{31497AE5-C774-422C-93BB-4F226D97ADF9}.RelWithDebInfo|Any CPU.ActiveCfg = Release|Any CPU
		{31497AE5-C774-422C-93BB-4F226D97ADF9}.RelWithDebInfo|Any CPU.Build.0 = Release|Any CPU
		{31497AE5-C774-422C-93BB-4F226D97ADF9}.RelWithDebInfo|x64.ActiveCfg = Release|Any CPU
		{31497AE5-C774-422C-93BB-4F226D97ADF9}.RelWithDebInfo|x64.Build.0 = Release|Any CPU
		{1C9257D6-A021-4515-9919-71F70133915B}.Debug|Any CPU.ActiveCfg = Debug|Any CPU
		{1C9257D6-A021-4515-9919-71F70133915B}.Debug|Any CPU.Build.0 = Debug|Any CPU
		{1C9257D6-A021-4515-9919-71F70133915B}.Debug|x64.ActiveCfg = Debug|Any CPU
		{1C9257D6-A021-4515-9919-71F70133915B}.Debug|x64.Build.0 = Debug|Any CPU
		{1C9257D6-A021-4515-9919-71F70133915B}.MinSizeRel|Any CPU.ActiveCfg = Release|Any CPU
		{1C9257D6-A021-4515-9919-71F70133915B}.MinSizeRel|Any CPU.Build.0 = Release|Any CPU
		{1C9257D6-A021-4515-9919-71F70133915B}.MinSizeRel|x64.ActiveCfg = Release|Any CPU
		{1C9257D6-A021-4515-9919-71F70133915B}.MinSizeRel|x64.Build.0 = Release|Any CPU
		{1C9257D6-A021-4515-9919-71F70133915B}.Release|Any CPU.ActiveCfg = Release|Any CPU
		{1C9257D6-A021-4515-9919-71F70133915B}.Release|Any CPU.Build.0 = Release|Any CPU
		{1C9257D6-A021-4515-9919-71F70133915B}.Release|x64.ActiveCfg = Release|Any CPU
		{1C9257D6-A021-4515-9919-71F70133915B}.Release|x64.Build.0 = Release|Any CPU
		{1C9257D6-A021-4515-9919-71F70133915B}.RelWithDebInfo|Any CPU.ActiveCfg = Release|Any CPU
		{1C9257D6-A021-4515-9919-71F70133915B}.RelWithDebInfo|Any CPU.Build.0 = Release|Any CPU
		{1C9257D6-A021-4515-9919-71F70133915B}.RelWithDebInfo|x64.ActiveCfg = Release|Any CPU
		{1C9257D6-A021-4515-9919-71F70133915B}.RelWithDebInfo|x64.Build.0 = Release|Any CPU
		{F49004F6-40A1-4A2B-9293-20BAC1C53DFA}.Debug|Any CPU.ActiveCfg = Debug|Any CPU
		{F49004F6-40A1-4A2B-9293-20BAC1C53DFA}.Debug|Any CPU.Build.0 = Debug|Any CPU
		{F49004F6-40A1-4A2B-9293-20BAC1C53DFA}.Debug|x64.ActiveCfg = Debug|Any CPU
		{F49004F6-40A1-4A2B-9293-20BAC1C53DFA}.Debug|x64.Build.0 = Debug|Any CPU
		{F49004F6-40A1-4A2B-9293-20BAC1C53DFA}.MinSizeRel|Any CPU.ActiveCfg = Release|Any CPU
		{F49004F6-40A1-4A2B-9293-20BAC1C53DFA}.MinSizeRel|Any CPU.Build.0 = Release|Any CPU
		{F49004F6-40A1-4A2B-9293-20BAC1C53DFA}.MinSizeRel|x64.ActiveCfg = Release|Any CPU
		{F49004F6-40A1-4A2B-9293-20BAC1C53DFA}.MinSizeRel|x64.Build.0 = Release|Any CPU
		{F49004F6-40A1-4A2B-9293-20BAC1C53DFA}.Release|Any CPU.ActiveCfg = Release|Any CPU
		{F49004F6-40A1-4A2B-9293-20BAC1C53DFA}.Release|Any CPU.Build.0 = Release|Any CPU
		{F49004F6-40A1-4A2B-9293-20BAC1C53DFA}.Release|x64.ActiveCfg = Release|Any CPU
		{F49004F6-40A1-4A2B-9293-20BAC1C53DFA}.Release|x64.Build.0 = Release|Any CPU
		{F49004F6-40A1-4A2B-9293-20BAC1C53DFA}.RelWithDebInfo|Any CPU.ActiveCfg = Release|Any CPU
		{F49004F6-40A1-4A2B-9293-20BAC1C53DFA}.RelWithDebInfo|Any CPU.Build.0 = Release|Any CPU
		{F49004F6-40A1-4A2B-9293-20BAC1C53DFA}.RelWithDebInfo|x64.ActiveCfg = Release|Any CPU
		{F49004F6-40A1-4A2B-9293-20BAC1C53DFA}.RelWithDebInfo|x64.Build.0 = Release|Any CPU
		{0AF7EAD2-4C52-4720-B55E-4CA69F8905BA}.Debug|Any CPU.ActiveCfg = Debug|Any CPU
		{0AF7EAD2-4C52-4720-B55E-4CA69F8905BA}.Debug|Any CPU.Build.0 = Debug|Any CPU
		{0AF7EAD2-4C52-4720-B55E-4CA69F8905BA}.Debug|x64.ActiveCfg = Debug|Any CPU
		{0AF7EAD2-4C52-4720-B55E-4CA69F8905BA}.Debug|x64.Build.0 = Debug|Any CPU
		{0AF7EAD2-4C52-4720-B55E-4CA69F8905BA}.MinSizeRel|Any CPU.ActiveCfg = Release|Any CPU
		{0AF7EAD2-4C52-4720-B55E-4CA69F8905BA}.MinSizeRel|Any CPU.Build.0 = Release|Any CPU
		{0AF7EAD2-4C52-4720-B55E-4CA69F8905BA}.MinSizeRel|x64.ActiveCfg = Release|Any CPU
		{0AF7EAD2-4C52-4720-B55E-4CA69F8905BA}.MinSizeRel|x64.Build.0 = Release|Any CPU
		{0AF7EAD2-4C52-4720-B55E-4CA69F8905BA}.Release|Any CPU.ActiveCfg = Release|Any CPU
		{0AF7EAD2-4C52-4720-B55E-4CA69F8905BA}.Release|Any CPU.Build.0 = Release|Any CPU
		{0AF7EAD2-4C52-4720-B55E-4CA69F8905BA}.Release|x64.ActiveCfg = Release|Any CPU
		{0AF7EAD2-4C52-4720-B55E-4CA69F8905BA}.Release|x64.Build.0 = Release|Any CPU
		{0AF7EAD2-4C52-4720-B55E-4CA69F8905BA}.RelWithDebInfo|Any CPU.ActiveCfg = Release|Any CPU
		{0AF7EAD2-4C52-4720-B55E-4CA69F8905BA}.RelWithDebInfo|Any CPU.Build.0 = Release|Any CPU
		{0AF7EAD2-4C52-4720-B55E-4CA69F8905BA}.RelWithDebInfo|x64.ActiveCfg = Release|Any CPU
		{0AF7EAD2-4C52-4720-B55E-4CA69F8905BA}.RelWithDebInfo|x64.Build.0 = Release|Any CPU
		{DDBD499D-300D-4EFD-AF41-B598EF60B663}.Debug|Any CPU.ActiveCfg = Debug|Any CPU
		{DDBD499D-300D-4EFD-AF41-B598EF60B663}.Debug|Any CPU.Build.0 = Debug|Any CPU
		{DDBD499D-300D-4EFD-AF41-B598EF60B663}.Debug|x64.ActiveCfg = Debug|Any CPU
		{DDBD499D-300D-4EFD-AF41-B598EF60B663}.Debug|x64.Build.0 = Debug|Any CPU
		{DDBD499D-300D-4EFD-AF41-B598EF60B663}.MinSizeRel|Any CPU.ActiveCfg = Release|Any CPU
		{DDBD499D-300D-4EFD-AF41-B598EF60B663}.MinSizeRel|Any CPU.Build.0 = Release|Any CPU
		{DDBD499D-300D-4EFD-AF41-B598EF60B663}.MinSizeRel|x64.ActiveCfg = Release|Any CPU
		{DDBD499D-300D-4EFD-AF41-B598EF60B663}.MinSizeRel|x64.Build.0 = Release|Any CPU
		{DDBD499D-300D-4EFD-AF41-B598EF60B663}.Release|Any CPU.ActiveCfg = Release|Any CPU
		{DDBD499D-300D-4EFD-AF41-B598EF60B663}.Release|Any CPU.Build.0 = Release|Any CPU
		{DDBD499D-300D-4EFD-AF41-B598EF60B663}.Release|x64.ActiveCfg = Release|Any CPU
		{DDBD499D-300D-4EFD-AF41-B598EF60B663}.Release|x64.Build.0 = Release|Any CPU
		{DDBD499D-300D-4EFD-AF41-B598EF60B663}.RelWithDebInfo|Any CPU.ActiveCfg = Release|Any CPU
		{DDBD499D-300D-4EFD-AF41-B598EF60B663}.RelWithDebInfo|Any CPU.Build.0 = Release|Any CPU
		{DDBD499D-300D-4EFD-AF41-B598EF60B663}.RelWithDebInfo|x64.ActiveCfg = Release|Any CPU
		{DDBD499D-300D-4EFD-AF41-B598EF60B663}.RelWithDebInfo|x64.Build.0 = Release|Any CPU
		{DDD773DD-DCF2-4E54-A709-FD50172052E4}.Debug|Any CPU.ActiveCfg = Debug|Any CPU
		{DDD773DD-DCF2-4E54-A709-FD50172052E4}.Debug|Any CPU.Build.0 = Debug|Any CPU
		{DDD773DD-DCF2-4E54-A709-FD50172052E4}.Debug|x64.ActiveCfg = Debug|Any CPU
		{DDD773DD-DCF2-4E54-A709-FD50172052E4}.Debug|x64.Build.0 = Debug|Any CPU
		{DDD773DD-DCF2-4E54-A709-FD50172052E4}.MinSizeRel|Any CPU.ActiveCfg = Release|Any CPU
		{DDD773DD-DCF2-4E54-A709-FD50172052E4}.MinSizeRel|Any CPU.Build.0 = Release|Any CPU
		{DDD773DD-DCF2-4E54-A709-FD50172052E4}.MinSizeRel|x64.ActiveCfg = Release|Any CPU
		{DDD773DD-DCF2-4E54-A709-FD50172052E4}.MinSizeRel|x64.Build.0 = Release|Any CPU
		{DDD773DD-DCF2-4E54-A709-FD50172052E4}.Release|Any CPU.ActiveCfg = Release|Any CPU
		{DDD773DD-DCF2-4E54-A709-FD50172052E4}.Release|Any CPU.Build.0 = Release|Any CPU
		{DDD773DD-DCF2-4E54-A709-FD50172052E4}.Release|x64.ActiveCfg = Release|Any CPU
		{DDD773DD-DCF2-4E54-A709-FD50172052E4}.Release|x64.Build.0 = Release|Any CPU
		{DDD773DD-DCF2-4E54-A709-FD50172052E4}.RelWithDebInfo|Any CPU.ActiveCfg = Release|Any CPU
		{DDD773DD-DCF2-4E54-A709-FD50172052E4}.RelWithDebInfo|Any CPU.Build.0 = Release|Any CPU
		{DDD773DD-DCF2-4E54-A709-FD50172052E4}.RelWithDebInfo|x64.ActiveCfg = Release|Any CPU
		{DDD773DD-DCF2-4E54-A709-FD50172052E4}.RelWithDebInfo|x64.Build.0 = Release|Any CPU
		{0A695E33-4EF6-4DB6-96C1-0C2FC98005B9}.Debug|Any CPU.ActiveCfg = Debug|Any CPU
		{0A695E33-4EF6-4DB6-96C1-0C2FC98005B9}.Debug|Any CPU.Build.0 = Debug|Any CPU
		{0A695E33-4EF6-4DB6-96C1-0C2FC98005B9}.Debug|x64.ActiveCfg = Debug|Any CPU
		{0A695E33-4EF6-4DB6-96C1-0C2FC98005B9}.Debug|x64.Build.0 = Debug|Any CPU
		{0A695E33-4EF6-4DB6-96C1-0C2FC98005B9}.MinSizeRel|Any CPU.ActiveCfg = Release|Any CPU
		{0A695E33-4EF6-4DB6-96C1-0C2FC98005B9}.MinSizeRel|Any CPU.Build.0 = Release|Any CPU
		{0A695E33-4EF6-4DB6-96C1-0C2FC98005B9}.MinSizeRel|x64.ActiveCfg = Release|Any CPU
		{0A695E33-4EF6-4DB6-96C1-0C2FC98005B9}.MinSizeRel|x64.Build.0 = Release|Any CPU
		{0A695E33-4EF6-4DB6-96C1-0C2FC98005B9}.Release|Any CPU.ActiveCfg = Release|Any CPU
		{0A695E33-4EF6-4DB6-96C1-0C2FC98005B9}.Release|Any CPU.Build.0 = Release|Any CPU
		{0A695E33-4EF6-4DB6-96C1-0C2FC98005B9}.Release|x64.ActiveCfg = Release|Any CPU
		{0A695E33-4EF6-4DB6-96C1-0C2FC98005B9}.Release|x64.Build.0 = Release|Any CPU
		{0A695E33-4EF6-4DB6-96C1-0C2FC98005B9}.RelWithDebInfo|Any CPU.ActiveCfg = Release|Any CPU
		{0A695E33-4EF6-4DB6-96C1-0C2FC98005B9}.RelWithDebInfo|Any CPU.Build.0 = Release|Any CPU
		{0A695E33-4EF6-4DB6-96C1-0C2FC98005B9}.RelWithDebInfo|x64.ActiveCfg = Release|Any CPU
		{0A695E33-4EF6-4DB6-96C1-0C2FC98005B9}.RelWithDebInfo|x64.Build.0 = Release|Any CPU
		{09CB506C-4A92-3F63-8159-3FC529B7F036}.Debug|Any CPU.ActiveCfg = Debug|x64
		{09CB506C-4A92-3F63-8159-3FC529B7F036}.Debug|x64.ActiveCfg = Debug|x64
		{09CB506C-4A92-3F63-8159-3FC529B7F036}.Debug|x64.Build.0 = Debug|x64
		{09CB506C-4A92-3F63-8159-3FC529B7F036}.MinSizeRel|Any CPU.ActiveCfg = MinSizeRel|x64
		{09CB506C-4A92-3F63-8159-3FC529B7F036}.MinSizeRel|x64.ActiveCfg = MinSizeRel|x64
		{09CB506C-4A92-3F63-8159-3FC529B7F036}.MinSizeRel|x64.Build.0 = MinSizeRel|x64
		{09CB506C-4A92-3F63-8159-3FC529B7F036}.Release|Any CPU.ActiveCfg = Release|x64
		{09CB506C-4A92-3F63-8159-3FC529B7F036}.Release|x64.ActiveCfg = Release|x64
		{09CB506C-4A92-3F63-8159-3FC529B7F036}.Release|x64.Build.0 = Release|x64
		{09CB506C-4A92-3F63-8159-3FC529B7F036}.RelWithDebInfo|Any CPU.ActiveCfg = RelWithDebInfo|x64
		{09CB506C-4A92-3F63-8159-3FC529B7F036}.RelWithDebInfo|x64.ActiveCfg = RelWithDebInfo|x64
		{09CB506C-4A92-3F63-8159-3FC529B7F036}.RelWithDebInfo|x64.Build.0 = RelWithDebInfo|x64
	EndGlobalSection
	GlobalSection(SolutionProperties) = preSolution
		HideSolutionNode = FALSE
	EndGlobalSection
	GlobalSection(ExtensibilityGlobals) = postSolution
		SolutionGuid = {069B2AF6-FB9B-4775-A846-7AA2FD70DE70}
	EndGlobalSection
EndGlobal
