
Microsoft Visual Studio Solution File, Format Version 12.00
# Visual Studio 15
VisualStudioVersion = 15.0.27130.2026
MinimumVisualStudioVersion = 10.0.40219.1
Project("{9A19103F-16F7-4668-BE54-9A1E7A4F7556}") = "qperf", "qperf\qperf.csproj", "{78B49C17-5CF5-41F3-8D5C-0A87B5E507EB}"
EndProject
Project("{9A19103F-16F7-4668-BE54-9A1E7A4F7556}") = "Library", "Library\Library.csproj", "{4884954C-7F88-47CD-9969-F3FAB37C62DD}"
EndProject
Project("{9A19103F-16F7-4668-BE54-9A1E7A4F7556}") = "Tests.qperf", "Tests.qperf\Tests.qperf.csproj", "{F4116484-2D88-473E-9F3F-9251B645A26F}"
EndProject
Global
	GlobalSection(SolutionConfigurationPlatforms) = preSolution
		Debug|Any CPU = Debug|Any CPU
		Release|Any CPU = Release|Any CPU
	EndGlobalSection
	GlobalSection(ProjectConfigurationPlatforms) = postSolution
		{78B49C17-5CF5-41F3-8D5C-0A87B5E507EB}.Debug|Any CPU.ActiveCfg = Debug|Any CPU
		{78B49C17-5CF5-41F3-8D5C-0A87B5E507EB}.Debug|Any CPU.Build.0 = Debug|Any CPU
		{78B49C17-5CF5-41F3-8D5C-0A87B5E507EB}.Release|Any CPU.ActiveCfg = Release|Any CPU
		{78B49C17-5CF5-41F3-8D5C-0A87B5E507EB}.Release|Any CPU.Build.0 = Release|Any CPU
		{4884954C-7F88-47CD-9969-F3FAB37C62DD}.Debug|Any CPU.ActiveCfg = Debug|Any CPU
		{4884954C-7F88-47CD-9969-F3FAB37C62DD}.Debug|Any CPU.Build.0 = Debug|Any CPU
		{4884954C-7F88-47CD-9969-F3FAB37C62DD}.Release|Any CPU.ActiveCfg = Release|Any CPU
		{4884954C-7F88-47CD-9969-F3FAB37C62DD}.Release|Any CPU.Build.0 = Release|Any CPU
		{F4116484-2D88-473E-9F3F-9251B645A26F}.Debug|Any CPU.ActiveCfg = Debug|Any CPU
		{F4116484-2D88-473E-9F3F-9251B645A26F}.Debug|Any CPU.Build.0 = Debug|Any CPU
		{F4116484-2D88-473E-9F3F-9251B645A26F}.Release|Any CPU.ActiveCfg = Release|Any CPU
		{F4116484-2D88-473E-9F3F-9251B645A26F}.Release|Any CPU.Build.0 = Release|Any CPU
	EndGlobalSection
	GlobalSection(SolutionProperties) = preSolution
		HideSolutionNode = FALSE
	EndGlobalSection
	GlobalSection(ExtensibilityGlobals) = postSolution
		SolutionGuid = {2E690F50-D04A-41F6-A1CC-081197CAEEB7}
	EndGlobalSection
EndGlobal
