
Microsoft Visual Studio Solution File, Format Version 12.00
# Visual Studio Version 16
VisualStudioVersion = 16.0.28621.142
MinimumVisualStudioVersion = 10.0.40219.1
Project("{9A19103F-16F7-4668-BE54-9A1E7A4F7556}") = "Teleport", "Teleport.csproj", "{249B6FD1-9710-453D-B112-25D9FB9EFBA2}"
EndProject
Global
	GlobalSection(SolutionConfigurationPlatforms) = preSolution
		Debug|Any CPU = Debug|Any CPU
		Release|Any CPU = Release|Any CPU
	EndGlobalSection
	GlobalSection(ProjectConfigurationPlatforms) = postSolution
		{249B6FD1-9710-453D-B112-25D9FB9EFBA2}.Debug|Any CPU.ActiveCfg = Debug|Any CPU
		{249B6FD1-9710-453D-B112-25D9FB9EFBA2}.Debug|Any CPU.Build.0 = Debug|Any CPU
		{249B6FD1-9710-453D-B112-25D9FB9EFBA2}.Release|Any CPU.ActiveCfg = Release|Any CPU
		{249B6FD1-9710-453D-B112-25D9FB9EFBA2}.Release|Any CPU.Build.0 = Release|Any CPU
	EndGlobalSection
	GlobalSection(SolutionProperties) = preSolution
		HideSolutionNode = FALSE
	EndGlobalSection
	GlobalSection(ExtensibilityGlobals) = postSolution
		SolutionGuid = {BC6E32EB-E835-44FF-AB9C-DFE35BBA2DFC}
	EndGlobalSection
EndGlobal
